// !$*UTF8*$!
{
	archiveVersion = 1;
	classes = {
	};
	objectVersion = 50;
	objects = {

/* Begin PBXBuildFile section */
		3B15B93525E5A934008DE39C /* DateCalculator.m in Sources */ = {isa = PBXBuildFile; fileRef = 3B15B93425E5A934008DE39C /* DateCalculator.m */; };
		3B15B93A25E5CD15008DE39C /* Box.m in Sources */ = {isa = PBXBuildFile; fileRef = 3B15B93925E5CD15008DE39C /* Box.m */; };
		3B430C9C25E4851400DB7919 /* main.m in Sources */ = {isa = PBXBuildFile; fileRef = 3B430C9B25E4851400DB7919 /* main.m */; };
		3B430CAB25E4858500DB7919 /* main.m in Sources */ = {isa = PBXBuildFile; fileRef = 3B430CAA25E4858500DB7919 /* main.m */; };
		3BACF4CC25E6F91100036E7B /* main.m in Sources */ = {isa = PBXBuildFile; fileRef = 3BACF4CB25E6F91100036E7B /* main.m */; };
		3BACF4E125E7406A00036E7B /* ScoreKeeper.m in Sources */ = {isa = PBXBuildFile; fileRef = 3BACF4E025E7406A00036E7B /* ScoreKeeper.m */; };
		3BACF4E725E7408000036E7B /* InputHandler.m in Sources */ = {isa = PBXBuildFile; fileRef = 3BACF4E625E7408000036E7B /* InputHandler.m */; };
		3BD7DEC625E84CDD00697395 /* main.m in Sources */ = {isa = PBXBuildFile; fileRef = 3BD7DEC525E84CDD00697395 /* main.m */; };
		3BD7DED525E85A4900697395 /* main.m in Sources */ = {isa = PBXBuildFile; fileRef = 3BD7DED425E85A4900697395 /* main.m */; };
		3BD7DEE025E85EC700697395 /* Contact.m in Sources */ = {isa = PBXBuildFile; fileRef = 3BD7DEDF25E85EC700697395 /* Contact.m */; };
		3BD7DEE825E85EE900697395 /* ContactList.m in Sources */ = {isa = PBXBuildFile; fileRef = 3BD7DEE725E85EE900697395 /* ContactList.m */; };
		3BD7DEF025E85F0400697395 /* InputCollector.m in Sources */ = {isa = PBXBuildFile; fileRef = 3BD7DEEF25E85F0400697395 /* InputCollector.m */; };
		3BD7DF1625E99AEF00697395 /* main.m in Sources */ = {isa = PBXBuildFile; fileRef = 3BD7DF1525E99AEF00697395 /* main.m */; };
		3BD7DF2225E99B0600697395 /* Boss.m in Sources */ = {isa = PBXBuildFile; fileRef = 3BD7DF2125E99B0600697395 /* Boss.m */; };
		3BD7DF2B25E99B1D00697395 /* GoodAccountant.m in Sources */ = {isa = PBXBuildFile; fileRef = 3BD7DF2A25E99B1D00697395 /* GoodAccountant.m */; };
		3BD7DF3425E99B2800697395 /* BadAccountant.m in Sources */ = {isa = PBXBuildFile; fileRef = 3BD7DF3325E99B2800697395 /* BadAccountant.m */; };
		3BD7DF4325E9C5E700697395 /* QuestionManager.m in Sources */ = {isa = PBXBuildFile; fileRef = 3BD7DF4225E9C5E700697395 /* QuestionManager.m */; };
		3BD7DF5225E9DAA000697395 /* QuestionFactory.m in Sources */ = {isa = PBXBuildFile; fileRef = 3BD7DF5125E9DAA000697395 /* QuestionFactory.m */; };
		3BD7DFA625EB438200697395 /* Question.m in Sources */ = {isa = PBXBuildFile; fileRef = 3BD7DFA525EB438200697395 /* Question.m */; };
		3BD7DFF125ECB0BA00697395 /* AdditionQuestion.m in Sources */ = {isa = PBXBuildFile; fileRef = 3BD7DFF025ECB0BA00697395 /* AdditionQuestion.m */; };
		3BD7DFFA25ECB0E000697395 /* SubtractionQuestion.m in Sources */ = {isa = PBXBuildFile; fileRef = 3BD7DFF925ECB0E000697395 /* SubtractionQuestion.m */; };
		3BD7E00325ECB0FC00697395 /* MultiplicationQuestion.m in Sources */ = {isa = PBXBuildFile; fileRef = 3BD7E00225ECB0FC00697395 /* MultiplicationQuestion.m */; };
		3BD7E00C25ECB10700697395 /* DivisionQuestion.m in Sources */ = {isa = PBXBuildFile; fileRef = 3BD7E00B25ECB10700697395 /* DivisionQuestion.m */; };
		3BD7E01A25ECB81B00697395 /* main.m in Sources */ = {isa = PBXBuildFile; fileRef = 3BD7E01925ECB81B00697395 /* main.m */; };
		3BD7E02725ECB89200697395 /* InputHandler.m in Sources */ = {isa = PBXBuildFile; fileRef = 3BD7E02625ECB89200697395 /* InputHandler.m */; };
		3BD7E03125ECB89F00697395 /* GameController.m in Sources */ = {isa = PBXBuildFile; fileRef = 3BD7E03025ECB89F00697395 /* GameController.m */; };
		3BD7E03B25ECB8A800697395 /* Dice.m in Sources */ = {isa = PBXBuildFile; fileRef = 3BD7E03A25ECB8A800697395 /* Dice.m */; };
		3BD7E07A25EDACD900697395 /* main.m in Sources */ = {isa = PBXBuildFile; fileRef = 3BD7E07925EDACD900697395 /* main.m */; };
		3BD7E08925EDAE1B00697395 /* Kitchen.m in Sources */ = {isa = PBXBuildFile; fileRef = 3BD7E08825EDAE1B00697395 /* Kitchen.m */; };
		3BD7E09425EDAEDB00697395 /* Pizza.m in Sources */ = {isa = PBXBuildFile; fileRef = 3BD7E09325EDAEDB00697395 /* Pizza.m */; };
		3BD7E16C25EF33CA00697395 /* DislikeAnchovieManager.m in Sources */ = {isa = PBXBuildFile; fileRef = 3BD7E16B25EF33CA00697395 /* DislikeAnchovieManager.m */; };
		3BD7E17725EF3E5A00697395 /* CheeryManager.m in Sources */ = {isa = PBXBuildFile; fileRef = 3BD7E17625EF3E5A00697395 /* CheeryManager.m */; };
/* End PBXBuildFile section */

/* Begin PBXCopyFilesBuildPhase section */
		3B430C9625E4851400DB7919 /* CopyFiles */ = {
			isa = PBXCopyFilesBuildPhase;
			buildActionMask = 2147483647;
			dstPath = /usr/share/man/man1/;
			dstSubfolderSpec = 0;
			files = (
			);
			runOnlyForDeploymentPostprocessing = 1;
		};
		3B430CA625E4858400DB7919 /* CopyFiles */ = {
			isa = PBXCopyFilesBuildPhase;
			buildActionMask = 2147483647;
			dstPath = /usr/share/man/man1/;
			dstSubfolderSpec = 0;
			files = (
			);
			runOnlyForDeploymentPostprocessing = 1;
		};
		3BACF4C725E6F91100036E7B /* CopyFiles */ = {
			isa = PBXCopyFilesBuildPhase;
			buildActionMask = 2147483647;
			dstPath = /usr/share/man/man1/;
			dstSubfolderSpec = 0;
			files = (
			);
			runOnlyForDeploymentPostprocessing = 1;
		};
		3BD7DEC125E84CDD00697395 /* CopyFiles */ = {
			isa = PBXCopyFilesBuildPhase;
			buildActionMask = 2147483647;
			dstPath = /usr/share/man/man1/;
			dstSubfolderSpec = 0;
			files = (
			);
			runOnlyForDeploymentPostprocessing = 1;
		};
		3BD7DED025E85A4900697395 /* CopyFiles */ = {
			isa = PBXCopyFilesBuildPhase;
			buildActionMask = 2147483647;
			dstPath = /usr/share/man/man1/;
			dstSubfolderSpec = 0;
			files = (
			);
			runOnlyForDeploymentPostprocessing = 1;
		};
		3BD7DF1125E99AEF00697395 /* CopyFiles */ = {
			isa = PBXCopyFilesBuildPhase;
			buildActionMask = 2147483647;
			dstPath = /usr/share/man/man1/;
			dstSubfolderSpec = 0;
			files = (
			);
			runOnlyForDeploymentPostprocessing = 1;
		};
		3BD7E01525ECB81B00697395 /* CopyFiles */ = {
			isa = PBXCopyFilesBuildPhase;
			buildActionMask = 2147483647;
			dstPath = /usr/share/man/man1/;
			dstSubfolderSpec = 0;
			files = (
			);
			runOnlyForDeploymentPostprocessing = 1;
		};
		3BD7E07525EDACD900697395 /* CopyFiles */ = {
			isa = PBXCopyFilesBuildPhase;
			buildActionMask = 2147483647;
			dstPath = /usr/share/man/man1/;
			dstSubfolderSpec = 0;
			files = (
			);
			runOnlyForDeploymentPostprocessing = 1;
		};
/* End PBXCopyFilesBuildPhase section */

/* Begin PBXFileReference section */
		3B15B93325E5A934008DE39C /* DateCalculator.h */ = {isa = PBXFileReference; lastKnownFileType = sourcecode.c.h; path = DateCalculator.h; sourceTree = "<group>"; };
		3B15B93425E5A934008DE39C /* DateCalculator.m */ = {isa = PBXFileReference; lastKnownFileType = sourcecode.c.objc; path = DateCalculator.m; sourceTree = "<group>"; };
		3B15B93825E5CD15008DE39C /* Box.h */ = {isa = PBXFileReference; lastKnownFileType = sourcecode.c.h; path = Box.h; sourceTree = "<group>"; };
		3B15B93925E5CD15008DE39C /* Box.m */ = {isa = PBXFileReference; lastKnownFileType = sourcecode.c.objc; path = Box.m; sourceTree = "<group>"; };
		3B430C9825E4851400DB7919 /* Lab1 */ = {isa = PBXFileReference; explicitFileType = "compiled.mach-o.executable"; includeInIndex = 0; path = Lab1; sourceTree = BUILT_PRODUCTS_DIR; };
		3B430C9B25E4851400DB7919 /* main.m */ = {isa = PBXFileReference; lastKnownFileType = sourcecode.c.objc; path = main.m; sourceTree = "<group>"; };
		3B430CA825E4858400DB7919 /* Lab2 */ = {isa = PBXFileReference; explicitFileType = "compiled.mach-o.executable"; includeInIndex = 0; path = Lab2; sourceTree = BUILT_PRODUCTS_DIR; };
		3B430CAA25E4858500DB7919 /* main.m */ = {isa = PBXFileReference; lastKnownFileType = sourcecode.c.objc; path = main.m; sourceTree = "<group>"; };
		3BACF4C925E6F91100036E7B /* Lab3 */ = {isa = PBXFileReference; explicitFileType = "compiled.mach-o.executable"; includeInIndex = 0; path = Lab3; sourceTree = BUILT_PRODUCTS_DIR; };
		3BACF4CB25E6F91100036E7B /* main.m */ = {isa = PBXFileReference; lastKnownFileType = sourcecode.c.objc; path = main.m; sourceTree = "<group>"; };
		3BACF4DF25E7406A00036E7B /* ScoreKeeper.h */ = {isa = PBXFileReference; lastKnownFileType = sourcecode.c.h; path = ScoreKeeper.h; sourceTree = "<group>"; };
		3BACF4E025E7406A00036E7B /* ScoreKeeper.m */ = {isa = PBXFileReference; lastKnownFileType = sourcecode.c.objc; path = ScoreKeeper.m; sourceTree = "<group>"; };
		3BACF4E525E7408000036E7B /* InputHandler.h */ = {isa = PBXFileReference; lastKnownFileType = sourcecode.c.h; path = InputHandler.h; sourceTree = "<group>"; };
		3BACF4E625E7408000036E7B /* InputHandler.m */ = {isa = PBXFileReference; lastKnownFileType = sourcecode.c.objc; path = InputHandler.m; sourceTree = "<group>"; };
		3BD7DEC325E84CDD00697395 /* Lab4 */ = {isa = PBXFileReference; explicitFileType = "compiled.mach-o.executable"; includeInIndex = 0; path = Lab4; sourceTree = BUILT_PRODUCTS_DIR; };
		3BD7DEC525E84CDD00697395 /* main.m */ = {isa = PBXFileReference; lastKnownFileType = sourcecode.c.objc; path = main.m; sourceTree = "<group>"; };
		3BD7DED225E85A4900697395 /* Lab13 */ = {isa = PBXFileReference; explicitFileType = "compiled.mach-o.executable"; includeInIndex = 0; path = Lab13; sourceTree = BUILT_PRODUCTS_DIR; };
		3BD7DED425E85A4900697395 /* main.m */ = {isa = PBXFileReference; lastKnownFileType = sourcecode.c.objc; path = main.m; sourceTree = "<group>"; };
		3BD7DEDE25E85EC700697395 /* Contact.h */ = {isa = PBXFileReference; lastKnownFileType = sourcecode.c.h; path = Contact.h; sourceTree = "<group>"; };
		3BD7DEDF25E85EC700697395 /* Contact.m */ = {isa = PBXFileReference; lastKnownFileType = sourcecode.c.objc; path = Contact.m; sourceTree = "<group>"; };
		3BD7DEE625E85EE900697395 /* ContactList.h */ = {isa = PBXFileReference; lastKnownFileType = sourcecode.c.h; path = ContactList.h; sourceTree = "<group>"; };
		3BD7DEE725E85EE900697395 /* ContactList.m */ = {isa = PBXFileReference; lastKnownFileType = sourcecode.c.objc; path = ContactList.m; sourceTree = "<group>"; };
		3BD7DEEE25E85F0400697395 /* InputCollector.h */ = {isa = PBXFileReference; lastKnownFileType = sourcecode.c.h; path = InputCollector.h; sourceTree = "<group>"; };
		3BD7DEEF25E85F0400697395 /* InputCollector.m */ = {isa = PBXFileReference; lastKnownFileType = sourcecode.c.objc; path = InputCollector.m; sourceTree = "<group>"; };
		3BD7DF1325E99AEF00697395 /* ProtocolDelegate */ = {isa = PBXFileReference; explicitFileType = "compiled.mach-o.executable"; includeInIndex = 0; path = ProtocolDelegate; sourceTree = BUILT_PRODUCTS_DIR; };
		3BD7DF1525E99AEF00697395 /* main.m */ = {isa = PBXFileReference; lastKnownFileType = sourcecode.c.objc; path = main.m; sourceTree = "<group>"; };
		3BD7DF2025E99B0600697395 /* Boss.h */ = {isa = PBXFileReference; lastKnownFileType = sourcecode.c.h; path = Boss.h; sourceTree = "<group>"; };
		3BD7DF2125E99B0600697395 /* Boss.m */ = {isa = PBXFileReference; lastKnownFileType = sourcecode.c.objc; path = Boss.m; sourceTree = "<group>"; };
		3BD7DF2925E99B1D00697395 /* GoodAccountant.h */ = {isa = PBXFileReference; lastKnownFileType = sourcecode.c.h; path = GoodAccountant.h; sourceTree = "<group>"; };
		3BD7DF2A25E99B1D00697395 /* GoodAccountant.m */ = {isa = PBXFileReference; lastKnownFileType = sourcecode.c.objc; path = GoodAccountant.m; sourceTree = "<group>"; };
		3BD7DF3225E99B2800697395 /* BadAccountant.h */ = {isa = PBXFileReference; lastKnownFileType = sourcecode.c.h; path = BadAccountant.h; sourceTree = "<group>"; };
		3BD7DF3325E99B2800697395 /* BadAccountant.m */ = {isa = PBXFileReference; lastKnownFileType = sourcecode.c.objc; path = BadAccountant.m; sourceTree = "<group>"; };
		3BD7DF4125E9C5E700697395 /* QuestionManager.h */ = {isa = PBXFileReference; lastKnownFileType = sourcecode.c.h; path = QuestionManager.h; sourceTree = "<group>"; };
		3BD7DF4225E9C5E700697395 /* QuestionManager.m */ = {isa = PBXFileReference; lastKnownFileType = sourcecode.c.objc; path = QuestionManager.m; sourceTree = "<group>"; };
		3BD7DF5025E9DAA000697395 /* QuestionFactory.h */ = {isa = PBXFileReference; lastKnownFileType = sourcecode.c.h; path = QuestionFactory.h; sourceTree = "<group>"; };
		3BD7DF5125E9DAA000697395 /* QuestionFactory.m */ = {isa = PBXFileReference; lastKnownFileType = sourcecode.c.objc; path = QuestionFactory.m; sourceTree = "<group>"; };
		3BD7DF5925E9E2C400697395 /* Question.h */ = {isa = PBXFileReference; lastKnownFileType = sourcecode.c.h; path = Question.h; sourceTree = "<group>"; };
		3BD7DFA525EB438200697395 /* Question.m */ = {isa = PBXFileReference; lastKnownFileType = sourcecode.c.objc; path = Question.m; sourceTree = "<group>"; };
		3BD7DFEF25ECB0BA00697395 /* AdditionQuestion.h */ = {isa = PBXFileReference; lastKnownFileType = sourcecode.c.h; path = AdditionQuestion.h; sourceTree = "<group>"; };
		3BD7DFF025ECB0BA00697395 /* AdditionQuestion.m */ = {isa = PBXFileReference; lastKnownFileType = sourcecode.c.objc; path = AdditionQuestion.m; sourceTree = "<group>"; };
		3BD7DFF825ECB0E000697395 /* SubtractionQuestion.h */ = {isa = PBXFileReference; lastKnownFileType = sourcecode.c.h; path = SubtractionQuestion.h; sourceTree = "<group>"; };
		3BD7DFF925ECB0E000697395 /* SubtractionQuestion.m */ = {isa = PBXFileReference; lastKnownFileType = sourcecode.c.objc; path = SubtractionQuestion.m; sourceTree = "<group>"; };
		3BD7E00125ECB0FC00697395 /* MultiplicationQuestion.h */ = {isa = PBXFileReference; lastKnownFileType = sourcecode.c.h; path = MultiplicationQuestion.h; sourceTree = "<group>"; };
		3BD7E00225ECB0FC00697395 /* MultiplicationQuestion.m */ = {isa = PBXFileReference; lastKnownFileType = sourcecode.c.objc; path = MultiplicationQuestion.m; sourceTree = "<group>"; };
		3BD7E00A25ECB10700697395 /* DivisionQuestion.h */ = {isa = PBXFileReference; lastKnownFileType = sourcecode.c.h; path = DivisionQuestion.h; sourceTree = "<group>"; };
		3BD7E00B25ECB10700697395 /* DivisionQuestion.m */ = {isa = PBXFileReference; lastKnownFileType = sourcecode.c.objc; path = DivisionQuestion.m; sourceTree = "<group>"; };
		3BD7E01725ECB81B00697395 /* Lab6 */ = {isa = PBXFileReference; explicitFileType = "compiled.mach-o.executable"; includeInIndex = 0; path = Lab6; sourceTree = BUILT_PRODUCTS_DIR; };
		3BD7E01925ECB81B00697395 /* main.m */ = {isa = PBXFileReference; lastKnownFileType = sourcecode.c.objc; path = main.m; sourceTree = "<group>"; };
		3BD7E02525ECB89200697395 /* InputHandler.h */ = {isa = PBXFileReference; lastKnownFileType = sourcecode.c.h; path = InputHandler.h; sourceTree = "<group>"; };
		3BD7E02625ECB89200697395 /* InputHandler.m */ = {isa = PBXFileReference; lastKnownFileType = sourcecode.c.objc; path = InputHandler.m; sourceTree = "<group>"; };
		3BD7E02F25ECB89F00697395 /* GameController.h */ = {isa = PBXFileReference; lastKnownFileType = sourcecode.c.h; path = GameController.h; sourceTree = "<group>"; };
		3BD7E03025ECB89F00697395 /* GameController.m */ = {isa = PBXFileReference; lastKnownFileType = sourcecode.c.objc; path = GameController.m; sourceTree = "<group>"; };
		3BD7E03925ECB8A700697395 /* Dice.h */ = {isa = PBXFileReference; lastKnownFileType = sourcecode.c.h; path = Dice.h; sourceTree = "<group>"; };
		3BD7E03A25ECB8A800697395 /* Dice.m */ = {isa = PBXFileReference; lastKnownFileType = sourcecode.c.objc; path = Dice.m; sourceTree = "<group>"; };
		3BD7E07725EDACD900697395 /* Lab8-PizzaRestaurant */ = {isa = PBXFileReference; explicitFileType = "compiled.mach-o.executable"; includeInIndex = 0; path = "Lab8-PizzaRestaurant"; sourceTree = BUILT_PRODUCTS_DIR; };
		3BD7E07925EDACD900697395 /* main.m */ = {isa = PBXFileReference; lastKnownFileType = sourcecode.c.objc; path = main.m; sourceTree = "<group>"; };
		3BD7E08725EDAE1B00697395 /* Kitchen.h */ = {isa = PBXFileReference; lastKnownFileType = sourcecode.c.h; path = Kitchen.h; sourceTree = "<group>"; };
		3BD7E08825EDAE1B00697395 /* Kitchen.m */ = {isa = PBXFileReference; lastKnownFileType = sourcecode.c.objc; path = Kitchen.m; sourceTree = "<group>"; };
		3BD7E09225EDAEDB00697395 /* Pizza.h */ = {isa = PBXFileReference; lastKnownFileType = sourcecode.c.h; path = Pizza.h; sourceTree = "<group>"; };
		3BD7E09325EDAEDB00697395 /* Pizza.m */ = {isa = PBXFileReference; lastKnownFileType = sourcecode.c.objc; path = Pizza.m; sourceTree = "<group>"; };
		3BD7E16A25EF33CA00697395 /* DislikeAnchovieManager.h */ = {isa = PBXFileReference; lastKnownFileType = sourcecode.c.h; path = DislikeAnchovieManager.h; sourceTree = "<group>"; };
		3BD7E16B25EF33CA00697395 /* DislikeAnchovieManager.m */ = {isa = PBXFileReference; lastKnownFileType = sourcecode.c.objc; path = DislikeAnchovieManager.m; sourceTree = "<group>"; };
		3BD7E17525EF3E5A00697395 /* CheeryManager.h */ = {isa = PBXFileReference; lastKnownFileType = sourcecode.c.h; path = CheeryManager.h; sourceTree = "<group>"; };
		3BD7E17625EF3E5A00697395 /* CheeryManager.m */ = {isa = PBXFileReference; lastKnownFileType = sourcecode.c.objc; path = CheeryManager.m; sourceTree = "<group>"; };
/* End PBXFileReference section */

/* Begin PBXFrameworksBuildPhase section */
		3B430C9525E4851400DB7919 /* Frameworks */ = {
			isa = PBXFrameworksBuildPhase;
			buildActionMask = 2147483647;
			files = (
			);
			runOnlyForDeploymentPostprocessing = 0;
		};
		3B430CA525E4858400DB7919 /* Frameworks */ = {
			isa = PBXFrameworksBuildPhase;
			buildActionMask = 2147483647;
			files = (
			);
			runOnlyForDeploymentPostprocessing = 0;
		};
		3BACF4C625E6F91100036E7B /* Frameworks */ = {
			isa = PBXFrameworksBuildPhase;
			buildActionMask = 2147483647;
			files = (
			);
			runOnlyForDeploymentPostprocessing = 0;
		};
		3BD7DEC025E84CDD00697395 /* Frameworks */ = {
			isa = PBXFrameworksBuildPhase;
			buildActionMask = 2147483647;
			files = (
			);
			runOnlyForDeploymentPostprocessing = 0;
		};
		3BD7DECF25E85A4900697395 /* Frameworks */ = {
			isa = PBXFrameworksBuildPhase;
			buildActionMask = 2147483647;
			files = (
			);
			runOnlyForDeploymentPostprocessing = 0;
		};
		3BD7DF1025E99AEF00697395 /* Frameworks */ = {
			isa = PBXFrameworksBuildPhase;
			buildActionMask = 2147483647;
			files = (
			);
			runOnlyForDeploymentPostprocessing = 0;
		};
		3BD7E01425ECB81B00697395 /* Frameworks */ = {
			isa = PBXFrameworksBuildPhase;
			buildActionMask = 2147483647;
			files = (
			);
			runOnlyForDeploymentPostprocessing = 0;
		};
		3BD7E07425EDACD900697395 /* Frameworks */ = {
			isa = PBXFrameworksBuildPhase;
			buildActionMask = 2147483647;
			files = (
			);
			runOnlyForDeploymentPostprocessing = 0;
		};
/* End PBXFrameworksBuildPhase section */

/* Begin PBXGroup section */
		3B430C8F25E4851400DB7919 = {
			isa = PBXGroup;
			children = (
				3B430C9A25E4851400DB7919 /* Lab1 */,
				3B430CA925E4858500DB7919 /* Lab2 */,
				3BACF4CA25E6F91100036E7B /* Lab3 */,
				3BD7DEC425E84CDD00697395 /* Lab4 */,
				3BD7DED325E85A4900697395 /* Lab13 */,
				3BD7DF1425E99AEF00697395 /* ProtocolDelegate */,
				3BD7E01825ECB81B00697395 /* Lab6 */,
				3BD7E07825EDACD900697395 /* Lab8-PizzaRestaurant */,
				3B430C9925E4851400DB7919 /* Products */,
			);
			sourceTree = "<group>";
		};
		3B430C9925E4851400DB7919 /* Products */ = {
			isa = PBXGroup;
			children = (
				3B430C9825E4851400DB7919 /* Lab1 */,
				3B430CA825E4858400DB7919 /* Lab2 */,
				3BACF4C925E6F91100036E7B /* Lab3 */,
				3BD7DEC325E84CDD00697395 /* Lab4 */,
				3BD7DED225E85A4900697395 /* Lab13 */,
				3BD7DF1325E99AEF00697395 /* ProtocolDelegate */,
				3BD7E01725ECB81B00697395 /* Lab6 */,
				3BD7E07725EDACD900697395 /* Lab8-PizzaRestaurant */,
			);
			name = Products;
			sourceTree = "<group>";
		};
		3B430C9A25E4851400DB7919 /* Lab1 */ = {
			isa = PBXGroup;
			children = (
				3B430C9B25E4851400DB7919 /* main.m */,
			);
			path = Lab1;
			sourceTree = "<group>";
		};
		3B430CA925E4858500DB7919 /* Lab2 */ = {
			isa = PBXGroup;
			children = (
				3B15B93825E5CD15008DE39C /* Box.h */,
				3B15B93925E5CD15008DE39C /* Box.m */,
				3B15B93325E5A934008DE39C /* DateCalculator.h */,
				3B15B93425E5A934008DE39C /* DateCalculator.m */,
				3B430CAA25E4858500DB7919 /* main.m */,
			);
			path = Lab2;
			sourceTree = "<group>";
		};
		3BACF4CA25E6F91100036E7B /* Lab3 */ = {
			isa = PBXGroup;
			children = (
				3BACF4E525E7408000036E7B /* InputHandler.h */,
				3BACF4E625E7408000036E7B /* InputHandler.m */,
				3BACF4CB25E6F91100036E7B /* main.m */,
				3BD7DF5925E9E2C400697395 /* Question.h */,
				3BD7DFA525EB438200697395 /* Question.m */,
				3BD7DF5025E9DAA000697395 /* QuestionFactory.h */,
				3BD7DF5125E9DAA000697395 /* QuestionFactory.m */,
				3BD7DF4125E9C5E700697395 /* QuestionManager.h */,
				3BD7DF4225E9C5E700697395 /* QuestionManager.m */,
				3BACF4DF25E7406A00036E7B /* ScoreKeeper.h */,
				3BACF4E025E7406A00036E7B /* ScoreKeeper.m */,
				3BD7DF6225E9F8BF00697395 /* SubQuestion */,
			);
			path = Lab3;
			sourceTree = "<group>";
		};
		3BD7DEC425E84CDD00697395 /* Lab4 */ = {
			isa = PBXGroup;
			children = (
				3BD7DEDE25E85EC700697395 /* Contact.h */,
				3BD7DEDF25E85EC700697395 /* Contact.m */,
				3BD7DEE625E85EE900697395 /* ContactList.h */,
				3BD7DEE725E85EE900697395 /* ContactList.m */,
				3BD7DEEE25E85F0400697395 /* InputCollector.h */,
				3BD7DEEF25E85F0400697395 /* InputCollector.m */,
				3BD7DEC525E84CDD00697395 /* main.m */,
			);
			path = Lab4;
			sourceTree = "<group>";
		};
		3BD7DED325E85A4900697395 /* Lab13 */ = {
			isa = PBXGroup;
			children = (
				3BD7DED425E85A4900697395 /* main.m */,
			);
			path = Lab13;
			sourceTree = "<group>";
		};
		3BD7DF1425E99AEF00697395 /* ProtocolDelegate */ = {
			isa = PBXGroup;
			children = (
				3BD7DF3225E99B2800697395 /* BadAccountant.h */,
				3BD7DF3325E99B2800697395 /* BadAccountant.m */,
				3BD7DF2025E99B0600697395 /* Boss.h */,
				3BD7DF2125E99B0600697395 /* Boss.m */,
				3BD7DF2925E99B1D00697395 /* GoodAccountant.h */,
				3BD7DF2A25E99B1D00697395 /* GoodAccountant.m */,
				3BD7DF1525E99AEF00697395 /* main.m */,
			);
			path = ProtocolDelegate;
			sourceTree = "<group>";
		};
		3BD7DF6225E9F8BF00697395 /* SubQuestion */ = {
			isa = PBXGroup;
			children = (
				3BD7DFEF25ECB0BA00697395 /* AdditionQuestion.h */,
				3BD7DFF025ECB0BA00697395 /* AdditionQuestion.m */,
				3BD7E00A25ECB10700697395 /* DivisionQuestion.h */,
				3BD7E00B25ECB10700697395 /* DivisionQuestion.m */,
				3BD7E00125ECB0FC00697395 /* MultiplicationQuestion.h */,
				3BD7E00225ECB0FC00697395 /* MultiplicationQuestion.m */,
				3BD7DFF825ECB0E000697395 /* SubtractionQuestion.h */,
				3BD7DFF925ECB0E000697395 /* SubtractionQuestion.m */,
			);
			path = SubQuestion;
			sourceTree = "<group>";
		};
		3BD7E01825ECB81B00697395 /* Lab6 */ = {
			isa = PBXGroup;
			children = (
				3BD7E03925ECB8A700697395 /* Dice.h */,
				3BD7E03A25ECB8A800697395 /* Dice.m */,
				3BD7E02F25ECB89F00697395 /* GameController.h */,
				3BD7E03025ECB89F00697395 /* GameController.m */,
				3BD7E02525ECB89200697395 /* InputHandler.h */,
				3BD7E02625ECB89200697395 /* InputHandler.m */,
				3BD7E01925ECB81B00697395 /* main.m */,
			);
			path = Lab6;
			sourceTree = "<group>";
		};
		3BD7E07825EDACD900697395 /* Lab8-PizzaRestaurant */ = {
			isa = PBXGroup;
			children = (
				3BD7E17525EF3E5A00697395 /* CheeryManager.h */,
				3BD7E17625EF3E5A00697395 /* CheeryManager.m */,
				3BD7E16A25EF33CA00697395 /* DislikeAnchovieManager.h */,
				3BD7E16B25EF33CA00697395 /* DislikeAnchovieManager.m */,
				3BD7E08725EDAE1B00697395 /* Kitchen.h */,
				3BD7E08825EDAE1B00697395 /* Kitchen.m */,
				3BD7E07925EDACD900697395 /* main.m */,
				3BD7E09225EDAEDB00697395 /* Pizza.h */,
				3BD7E09325EDAEDB00697395 /* Pizza.m */,
			);
			path = "Lab8-PizzaRestaurant";
			sourceTree = "<group>";
		};
/* End PBXGroup section */

/* Begin PBXNativeTarget section */
		3B430C9725E4851400DB7919 /* Lab1 */ = {
			isa = PBXNativeTarget;
			buildConfigurationList = 3B430C9F25E4851400DB7919 /* Build configuration list for PBXNativeTarget "Lab1" */;
			buildPhases = (
				3B430C9425E4851400DB7919 /* Sources */,
				3B430C9525E4851400DB7919 /* Frameworks */,
				3B430C9625E4851400DB7919 /* CopyFiles */,
			);
			buildRules = (
			);
			dependencies = (
			);
			name = Lab1;
			productName = Labs;
			productReference = 3B430C9825E4851400DB7919 /* Lab1 */;
			productType = "com.apple.product-type.tool";
		};
		3B430CA725E4858400DB7919 /* Lab2 */ = {
			isa = PBXNativeTarget;
			buildConfigurationList = 3B430CAC25E4858500DB7919 /* Build configuration list for PBXNativeTarget "Lab2" */;
			buildPhases = (
				3B430CA425E4858400DB7919 /* Sources */,
				3B430CA525E4858400DB7919 /* Frameworks */,
				3B430CA625E4858400DB7919 /* CopyFiles */,
			);
			buildRules = (
			);
			dependencies = (
			);
			name = Lab2;
			productName = Lab2;
			productReference = 3B430CA825E4858400DB7919 /* Lab2 */;
			productType = "com.apple.product-type.tool";
		};
		3BACF4C825E6F91100036E7B /* Lab3 */ = {
			isa = PBXNativeTarget;
			buildConfigurationList = 3BACF4CF25E6F91100036E7B /* Build configuration list for PBXNativeTarget "Lab3" */;
			buildPhases = (
				3BACF4C525E6F91100036E7B /* Sources */,
				3BACF4C625E6F91100036E7B /* Frameworks */,
				3BACF4C725E6F91100036E7B /* CopyFiles */,
			);
			buildRules = (
			);
			dependencies = (
			);
			name = Lab3;
			productName = Lab3;
			productReference = 3BACF4C925E6F91100036E7B /* Lab3 */;
			productType = "com.apple.product-type.tool";
		};
		3BD7DEC225E84CDD00697395 /* Lab4 */ = {
			isa = PBXNativeTarget;
			buildConfigurationList = 3BD7DEC925E84CDD00697395 /* Build configuration list for PBXNativeTarget "Lab4" */;
			buildPhases = (
				3BD7DEBF25E84CDD00697395 /* Sources */,
				3BD7DEC025E84CDD00697395 /* Frameworks */,
				3BD7DEC125E84CDD00697395 /* CopyFiles */,
			);
			buildRules = (
			);
			dependencies = (
			);
			name = Lab4;
			productName = Lab4;
			productReference = 3BD7DEC325E84CDD00697395 /* Lab4 */;
			productType = "com.apple.product-type.tool";
		};
		3BD7DED125E85A4900697395 /* Lab13 */ = {
			isa = PBXNativeTarget;
			buildConfigurationList = 3BD7DED625E85A4900697395 /* Build configuration list for PBXNativeTarget "Lab13" */;
			buildPhases = (
				3BD7DECE25E85A4900697395 /* Sources */,
				3BD7DECF25E85A4900697395 /* Frameworks */,
				3BD7DED025E85A4900697395 /* CopyFiles */,
			);
			buildRules = (
			);
			dependencies = (
			);
			name = Lab13;
			productName = Lab13;
			productReference = 3BD7DED225E85A4900697395 /* Lab13 */;
			productType = "com.apple.product-type.tool";
		};
		3BD7DF1225E99AEF00697395 /* ProtocolDelegate */ = {
			isa = PBXNativeTarget;
			buildConfigurationList = 3BD7DF1725E99AEF00697395 /* Build configuration list for PBXNativeTarget "ProtocolDelegate" */;
			buildPhases = (
				3BD7DF0F25E99AEF00697395 /* Sources */,
				3BD7DF1025E99AEF00697395 /* Frameworks */,
				3BD7DF1125E99AEF00697395 /* CopyFiles */,
			);
			buildRules = (
			);
			dependencies = (
			);
			name = ProtocolDelegate;
			productName = ProtocolDelegate;
			productReference = 3BD7DF1325E99AEF00697395 /* ProtocolDelegate */;
			productType = "com.apple.product-type.tool";
		};
		3BD7E01625ECB81B00697395 /* Lab6 */ = {
			isa = PBXNativeTarget;
			buildConfigurationList = 3BD7E01B25ECB81B00697395 /* Build configuration list for PBXNativeTarget "Lab6" */;
			buildPhases = (
				3BD7E01325ECB81B00697395 /* Sources */,
				3BD7E01425ECB81B00697395 /* Frameworks */,
				3BD7E01525ECB81B00697395 /* CopyFiles */,
			);
			buildRules = (
			);
			dependencies = (
			);
			name = Lab6;
			productName = Lab6;
			productReference = 3BD7E01725ECB81B00697395 /* Lab6 */;
			productType = "com.apple.product-type.tool";
		};
		3BD7E07625EDACD900697395 /* Lab8-PizzaRestaurant */ = {
			isa = PBXNativeTarget;
			buildConfigurationList = 3BD7E07B25EDACD900697395 /* Build configuration list for PBXNativeTarget "Lab8-PizzaRestaurant" */;
			buildPhases = (
				3BD7E07325EDACD900697395 /* Sources */,
				3BD7E07425EDACD900697395 /* Frameworks */,
				3BD7E07525EDACD900697395 /* CopyFiles */,
			);
			buildRules = (
			);
			dependencies = (
			);
			name = "Lab8-PizzaRestaurant";
			productName = "Lab8-PizzaRestaurant";
			productReference = 3BD7E07725EDACD900697395 /* Lab8-PizzaRestaurant */;
			productType = "com.apple.product-type.tool";
		};
/* End PBXNativeTarget section */

/* Begin PBXProject section */
		3B430C9025E4851400DB7919 /* Project object */ = {
			isa = PBXProject;
			attributes = {
				LastUpgradeCheck = 1230;
				TargetAttributes = {
					3B430C9725E4851400DB7919 = {
						CreatedOnToolsVersion = 12.3;
					};
					3B430CA725E4858400DB7919 = {
						CreatedOnToolsVersion = 12.3;
					};
					3BACF4C825E6F91100036E7B = {
						CreatedOnToolsVersion = 12.3;
					};
					3BD7DEC225E84CDD00697395 = {
						CreatedOnToolsVersion = 12.3;
					};
					3BD7DED125E85A4900697395 = {
						CreatedOnToolsVersion = 12.3;
					};
					3BD7DF1225E99AEF00697395 = {
						CreatedOnToolsVersion = 12.3;
					};
					3BD7E01625ECB81B00697395 = {
						CreatedOnToolsVersion = 12.3;
					};
					3BD7E07625EDACD900697395 = {
						CreatedOnToolsVersion = 12.3;
					};
				};
			};
			buildConfigurationList = 3B430C9325E4851400DB7919 /* Build configuration list for PBXProject "Labs" */;
			compatibilityVersion = "Xcode 9.3";
			developmentRegion = en;
			hasScannedForEncodings = 0;
			knownRegions = (
				en,
				Base,
			);
			mainGroup = 3B430C8F25E4851400DB7919;
			productRefGroup = 3B430C9925E4851400DB7919 /* Products */;
			projectDirPath = "";
			projectRoot = "";
			targets = (
				3B430C9725E4851400DB7919 /* Lab1 */,
				3B430CA725E4858400DB7919 /* Lab2 */,
				3BACF4C825E6F91100036E7B /* Lab3 */,
				3BD7DEC225E84CDD00697395 /* Lab4 */,
				3BD7DED125E85A4900697395 /* Lab13 */,
				3BD7DF1225E99AEF00697395 /* ProtocolDelegate */,
				3BD7E01625ECB81B00697395 /* Lab6 */,
				3BD7E07625EDACD900697395 /* Lab8-PizzaRestaurant */,
			);
		};
/* End PBXProject section */

/* Begin PBXSourcesBuildPhase section */
		3B430C9425E4851400DB7919 /* Sources */ = {
			isa = PBXSourcesBuildPhase;
			buildActionMask = 2147483647;
			files = (
				3B430C9C25E4851400DB7919 /* main.m in Sources */,
			);
			runOnlyForDeploymentPostprocessing = 0;
		};
		3B430CA425E4858400DB7919 /* Sources */ = {
			isa = PBXSourcesBuildPhase;
			buildActionMask = 2147483647;
			files = (
				3B15B93A25E5CD15008DE39C /* Box.m in Sources */,
				3B430CAB25E4858500DB7919 /* main.m in Sources */,
				3B15B93525E5A934008DE39C /* DateCalculator.m in Sources */,
			);
			runOnlyForDeploymentPostprocessing = 0;
		};
		3BACF4C525E6F91100036E7B /* Sources */ = {
			isa = PBXSourcesBuildPhase;
			buildActionMask = 2147483647;
			files = (
				3BD7E00C25ECB10700697395 /* DivisionQuestion.m in Sources */,
				3BD7DF5225E9DAA000697395 /* QuestionFactory.m in Sources */,
				3BD7DF4325E9C5E700697395 /* QuestionManager.m in Sources */,
				3BACF4E125E7406A00036E7B /* ScoreKeeper.m in Sources */,
				3BACF4CC25E6F91100036E7B /* main.m in Sources */,
				3BD7DFA625EB438200697395 /* Question.m in Sources */,
				3BD7DFF125ECB0BA00697395 /* AdditionQuestion.m in Sources */,
				3BD7E00325ECB0FC00697395 /* MultiplicationQuestion.m in Sources */,
				3BD7DFFA25ECB0E000697395 /* SubtractionQuestion.m in Sources */,
				3BACF4E725E7408000036E7B /* InputHandler.m in Sources */,
			);
			runOnlyForDeploymentPostprocessing = 0;
		};
		3BD7DEBF25E84CDD00697395 /* Sources */ = {
			isa = PBXSourcesBuildPhase;
			buildActionMask = 2147483647;
			files = (
				3BD7DEE825E85EE900697395 /* ContactList.m in Sources */,
				3BD7DEE025E85EC700697395 /* Contact.m in Sources */,
				3BD7DEF025E85F0400697395 /* InputCollector.m in Sources */,
				3BD7DEC625E84CDD00697395 /* main.m in Sources */,
			);
			runOnlyForDeploymentPostprocessing = 0;
		};
		3BD7DECE25E85A4900697395 /* Sources */ = {
			isa = PBXSourcesBuildPhase;
			buildActionMask = 2147483647;
			files = (
				3BD7DED525E85A4900697395 /* main.m in Sources */,
			);
			runOnlyForDeploymentPostprocessing = 0;
		};
		3BD7DF0F25E99AEF00697395 /* Sources */ = {
			isa = PBXSourcesBuildPhase;
			buildActionMask = 2147483647;
			files = (
				3BD7DF2225E99B0600697395 /* Boss.m in Sources */,
				3BD7DF3425E99B2800697395 /* BadAccountant.m in Sources */,
				3BD7DF2B25E99B1D00697395 /* GoodAccountant.m in Sources */,
				3BD7DF1625E99AEF00697395 /* main.m in Sources */,
			);
			runOnlyForDeploymentPostprocessing = 0;
		};
		3BD7E01325ECB81B00697395 /* Sources */ = {
			isa = PBXSourcesBuildPhase;
			buildActionMask = 2147483647;
			files = (
				3BD7E03125ECB89F00697395 /* GameController.m in Sources */,
				3BD7E01A25ECB81B00697395 /* main.m in Sources */,
				3BD7E03B25ECB8A800697395 /* Dice.m in Sources */,
				3BD7E02725ECB89200697395 /* InputHandler.m in Sources */,
			);
			runOnlyForDeploymentPostprocessing = 0;
		};
		3BD7E07325EDACD900697395 /* Sources */ = {
			isa = PBXSourcesBuildPhase;
			buildActionMask = 2147483647;
			files = (
				3BD7E17725EF3E5A00697395 /* CheeryManager.m in Sources */,
				3BD7E16C25EF33CA00697395 /* DislikeAnchovieManager.m in Sources */,
				3BD7E09425EDAEDB00697395 /* Pizza.m in Sources */,
				3BD7E08925EDAE1B00697395 /* Kitchen.m in Sources */,
				3BD7E07A25EDACD900697395 /* main.m in Sources */,
			);
			runOnlyForDeploymentPostprocessing = 0;
		};
/* End PBXSourcesBuildPhase section */

/* Begin XCBuildConfiguration section */
		3B430C9D25E4851400DB7919 /* Debug */ = {
			isa = XCBuildConfiguration;
			buildSettings = {
				ALWAYS_SEARCH_USER_PATHS = NO;
				CLANG_ANALYZER_NONNULL = YES;
				CLANG_ANALYZER_NUMBER_OBJECT_CONVERSION = YES_AGGRESSIVE;
				CLANG_CXX_LANGUAGE_STANDARD = "gnu++14";
				CLANG_CXX_LIBRARY = "libc++";
				CLANG_ENABLE_MODULES = YES;
				CLANG_ENABLE_OBJC_ARC = YES;
				CLANG_ENABLE_OBJC_WEAK = YES;
				CLANG_WARN_BLOCK_CAPTURE_AUTORELEASING = YES;
				CLANG_WARN_BOOL_CONVERSION = YES;
				CLANG_WARN_COMMA = YES;
				CLANG_WARN_CONSTANT_CONVERSION = YES;
				CLANG_WARN_DEPRECATED_OBJC_IMPLEMENTATIONS = YES;
				CLANG_WARN_DIRECT_OBJC_ISA_USAGE = YES_ERROR;
				CLANG_WARN_DOCUMENTATION_COMMENTS = YES;
				CLANG_WARN_EMPTY_BODY = YES;
				CLANG_WARN_ENUM_CONVERSION = YES;
				CLANG_WARN_INFINITE_RECURSION = YES;
				CLANG_WARN_INT_CONVERSION = YES;
				CLANG_WARN_NON_LITERAL_NULL_CONVERSION = YES;
				CLANG_WARN_OBJC_IMPLICIT_RETAIN_SELF = YES;
				CLANG_WARN_OBJC_LITERAL_CONVERSION = YES;
				CLANG_WARN_OBJC_ROOT_CLASS = YES_ERROR;
				CLANG_WARN_QUOTED_INCLUDE_IN_FRAMEWORK_HEADER = YES;
				CLANG_WARN_RANGE_LOOP_ANALYSIS = YES;
				CLANG_WARN_STRICT_PROTOTYPES = YES;
				CLANG_WARN_SUSPICIOUS_MOVE = YES;
				CLANG_WARN_UNGUARDED_AVAILABILITY = YES_AGGRESSIVE;
				CLANG_WARN_UNREACHABLE_CODE = YES;
				CLANG_WARN__DUPLICATE_METHOD_MATCH = YES;
				COPY_PHASE_STRIP = NO;
				DEBUG_INFORMATION_FORMAT = dwarf;
				ENABLE_STRICT_OBJC_MSGSEND = YES;
				ENABLE_TESTABILITY = YES;
				GCC_C_LANGUAGE_STANDARD = gnu11;
				GCC_DYNAMIC_NO_PIC = NO;
				GCC_NO_COMMON_BLOCKS = YES;
				GCC_OPTIMIZATION_LEVEL = 0;
				GCC_PREPROCESSOR_DEFINITIONS = (
					"DEBUG=1",
					"$(inherited)",
				);
				GCC_WARN_64_TO_32_BIT_CONVERSION = YES;
				GCC_WARN_ABOUT_RETURN_TYPE = YES_ERROR;
				GCC_WARN_UNDECLARED_SELECTOR = YES;
				GCC_WARN_UNINITIALIZED_AUTOS = YES_AGGRESSIVE;
				GCC_WARN_UNUSED_FUNCTION = YES;
				GCC_WARN_UNUSED_VARIABLE = YES;
				MACOSX_DEPLOYMENT_TARGET = 10.15;
				MTL_ENABLE_DEBUG_INFO = INCLUDE_SOURCE;
				MTL_FAST_MATH = YES;
				ONLY_ACTIVE_ARCH = YES;
				SDKROOT = macosx;
			};
			name = Debug;
		};
		3B430C9E25E4851400DB7919 /* Release */ = {
			isa = XCBuildConfiguration;
			buildSettings = {
				ALWAYS_SEARCH_USER_PATHS = NO;
				CLANG_ANALYZER_NONNULL = YES;
				CLANG_ANALYZER_NUMBER_OBJECT_CONVERSION = YES_AGGRESSIVE;
				CLANG_CXX_LANGUAGE_STANDARD = "gnu++14";
				CLANG_CXX_LIBRARY = "libc++";
				CLANG_ENABLE_MODULES = YES;
				CLANG_ENABLE_OBJC_ARC = YES;
				CLANG_ENABLE_OBJC_WEAK = YES;
				CLANG_WARN_BLOCK_CAPTURE_AUTORELEASING = YES;
				CLANG_WARN_BOOL_CONVERSION = YES;
				CLANG_WARN_COMMA = YES;
				CLANG_WARN_CONSTANT_CONVERSION = YES;
				CLANG_WARN_DEPRECATED_OBJC_IMPLEMENTATIONS = YES;
				CLANG_WARN_DIRECT_OBJC_ISA_USAGE = YES_ERROR;
				CLANG_WARN_DOCUMENTATION_COMMENTS = YES;
				CLANG_WARN_EMPTY_BODY = YES;
				CLANG_WARN_ENUM_CONVERSION = YES;
				CLANG_WARN_INFINITE_RECURSION = YES;
				CLANG_WARN_INT_CONVERSION = YES;
				CLANG_WARN_NON_LITERAL_NULL_CONVERSION = YES;
				CLANG_WARN_OBJC_IMPLICIT_RETAIN_SELF = YES;
				CLANG_WARN_OBJC_LITERAL_CONVERSION = YES;
				CLANG_WARN_OBJC_ROOT_CLASS = YES_ERROR;
				CLANG_WARN_QUOTED_INCLUDE_IN_FRAMEWORK_HEADER = YES;
				CLANG_WARN_RANGE_LOOP_ANALYSIS = YES;
				CLANG_WARN_STRICT_PROTOTYPES = YES;
				CLANG_WARN_SUSPICIOUS_MOVE = YES;
				CLANG_WARN_UNGUARDED_AVAILABILITY = YES_AGGRESSIVE;
				CLANG_WARN_UNREACHABLE_CODE = YES;
				CLANG_WARN__DUPLICATE_METHOD_MATCH = YES;
				COPY_PHASE_STRIP = NO;
				DEBUG_INFORMATION_FORMAT = "dwarf-with-dsym";
				ENABLE_NS_ASSERTIONS = NO;
				ENABLE_STRICT_OBJC_MSGSEND = YES;
				GCC_C_LANGUAGE_STANDARD = gnu11;
				GCC_NO_COMMON_BLOCKS = YES;
				GCC_WARN_64_TO_32_BIT_CONVERSION = YES;
				GCC_WARN_ABOUT_RETURN_TYPE = YES_ERROR;
				GCC_WARN_UNDECLARED_SELECTOR = YES;
				GCC_WARN_UNINITIALIZED_AUTOS = YES_AGGRESSIVE;
				GCC_WARN_UNUSED_FUNCTION = YES;
				GCC_WARN_UNUSED_VARIABLE = YES;
				MACOSX_DEPLOYMENT_TARGET = 10.15;
				MTL_ENABLE_DEBUG_INFO = NO;
				MTL_FAST_MATH = YES;
				SDKROOT = macosx;
			};
			name = Release;
		};
		3B430CA025E4851400DB7919 /* Debug */ = {
			isa = XCBuildConfiguration;
			buildSettings = {
				CODE_SIGN_STYLE = Automatic;
				DEVELOPMENT_TEAM = 26YLUYGRBT;
				ENABLE_HARDENED_RUNTIME = YES;
				PRODUCT_NAME = "$(TARGET_NAME)";
			};
			name = Debug;
		};
		3B430CA125E4851400DB7919 /* Release */ = {
			isa = XCBuildConfiguration;
			buildSettings = {
				CODE_SIGN_STYLE = Automatic;
				DEVELOPMENT_TEAM = 26YLUYGRBT;
				ENABLE_HARDENED_RUNTIME = YES;
				PRODUCT_NAME = "$(TARGET_NAME)";
			};
			name = Release;
		};
		3B430CAD25E4858500DB7919 /* Debug */ = {
			isa = XCBuildConfiguration;
			buildSettings = {
				CODE_SIGN_STYLE = Automatic;
				DEVELOPMENT_TEAM = 26YLUYGRBT;
				ENABLE_HARDENED_RUNTIME = YES;
				PRODUCT_NAME = "$(TARGET_NAME)";
			};
			name = Debug;
		};
		3B430CAE25E4858500DB7919 /* Release */ = {
			isa = XCBuildConfiguration;
			buildSettings = {
				CODE_SIGN_STYLE = Automatic;
				DEVELOPMENT_TEAM = 26YLUYGRBT;
				ENABLE_HARDENED_RUNTIME = YES;
				PRODUCT_NAME = "$(TARGET_NAME)";
			};
			name = Release;
		};
		3BACF4CD25E6F91100036E7B /* Debug */ = {
			isa = XCBuildConfiguration;
			buildSettings = {
				CODE_SIGN_STYLE = Automatic;
				DEVELOPMENT_TEAM = 26YLUYGRBT;
				ENABLE_HARDENED_RUNTIME = YES;
				PRODUCT_NAME = "$(TARGET_NAME)";
			};
			name = Debug;
		};
		3BACF4CE25E6F91100036E7B /* Release */ = {
			isa = XCBuildConfiguration;
			buildSettings = {
				CODE_SIGN_STYLE = Automatic;
				DEVELOPMENT_TEAM = 26YLUYGRBT;
				ENABLE_HARDENED_RUNTIME = YES;
				PRODUCT_NAME = "$(TARGET_NAME)";
			};
			name = Release;
		};
		3BD7DEC725E84CDD00697395 /* Debug */ = {
			isa = XCBuildConfiguration;
			buildSettings = {
				CODE_SIGN_STYLE = Automatic;
				DEVELOPMENT_TEAM = 26YLUYGRBT;
				ENABLE_HARDENED_RUNTIME = YES;
				PRODUCT_NAME = "$(TARGET_NAME)";
			};
			name = Debug;
		};
		3BD7DEC825E84CDD00697395 /* Release */ = {
			isa = XCBuildConfiguration;
			buildSettings = {
				CODE_SIGN_STYLE = Automatic;
				DEVELOPMENT_TEAM = 26YLUYGRBT;
				ENABLE_HARDENED_RUNTIME = YES;
				PRODUCT_NAME = "$(TARGET_NAME)";
			};
			name = Release;
		};
		3BD7DED725E85A4900697395 /* Debug */ = {
			isa = XCBuildConfiguration;
			buildSettings = {
				CODE_SIGN_STYLE = Automatic;
				DEVELOPMENT_TEAM = 26YLUYGRBT;
				ENABLE_HARDENED_RUNTIME = YES;
				PRODUCT_NAME = "$(TARGET_NAME)";
			};
			name = Debug;
		};
		3BD7DED825E85A4900697395 /* Release */ = {
			isa = XCBuildConfiguration;
			buildSettings = {
				CODE_SIGN_STYLE = Automatic;
				DEVELOPMENT_TEAM = 26YLUYGRBT;
				ENABLE_HARDENED_RUNTIME = YES;
				PRODUCT_NAME = "$(TARGET_NAME)";
			};
			name = Release;
		};
		3BD7DF1825E99AEF00697395 /* Debug */ = {
			isa = XCBuildConfiguration;
			buildSettings = {
				CODE_SIGN_STYLE = Automatic;
				DEVELOPMENT_TEAM = 26YLUYGRBT;
				ENABLE_HARDENED_RUNTIME = YES;
				PRODUCT_NAME = "$(TARGET_NAME)";
			};
			name = Debug;
		};
		3BD7DF1925E99AEF00697395 /* Release */ = {
			isa = XCBuildConfiguration;
			buildSettings = {
				CODE_SIGN_STYLE = Automatic;
				DEVELOPMENT_TEAM = 26YLUYGRBT;
				ENABLE_HARDENED_RUNTIME = YES;
				PRODUCT_NAME = "$(TARGET_NAME)";
			};
			name = Release;
		};
		3BD7E01C25ECB81B00697395 /* Debug */ = {
			isa = XCBuildConfiguration;
			buildSettings = {
				CODE_SIGN_STYLE = Automatic;
				DEVELOPMENT_TEAM = 26YLUYGRBT;
				ENABLE_HARDENED_RUNTIME = YES;
				PRODUCT_NAME = "$(TARGET_NAME)";
			};
			name = Debug;
		};
		3BD7E01D25ECB81B00697395 /* Release */ = {
			isa = XCBuildConfiguration;
			buildSettings = {
				CODE_SIGN_STYLE = Automatic;
				DEVELOPMENT_TEAM = 26YLUYGRBT;
				ENABLE_HARDENED_RUNTIME = YES;
				PRODUCT_NAME = "$(TARGET_NAME)";
			};
			name = Release;
		};
		3BD7E07C25EDACD900697395 /* Debug */ = {
			isa = XCBuildConfiguration;
			buildSettings = {
				CODE_SIGN_STYLE = Automatic;
				DEVELOPMENT_TEAM = 26YLUYGRBT;
				ENABLE_HARDENED_RUNTIME = YES;
				PRODUCT_NAME = "$(TARGET_NAME)";
			};
			name = Debug;
		};
		3BD7E07D25EDACD900697395 /* Release */ = {
			isa = XCBuildConfiguration;
			buildSettings = {
				CODE_SIGN_STYLE = Automatic;
				DEVELOPMENT_TEAM = 26YLUYGRBT;
				ENABLE_HARDENED_RUNTIME = YES;
				PRODUCT_NAME = "$(TARGET_NAME)";
			};
			name = Release;
		};
/* End XCBuildConfiguration section */

/* Begin XCConfigurationList section */
		3B430C9325E4851400DB7919 /* Build configuration list for PBXProject "Labs" */ = {
			isa = XCConfigurationList;
			buildConfigurations = (
				3B430C9D25E4851400DB7919 /* Debug */,
				3B430C9E25E4851400DB7919 /* Release */,
			);
			defaultConfigurationIsVisible = 0;
			defaultConfigurationName = Release;
		};
		3B430C9F25E4851400DB7919 /* Build configuration list for PBXNativeTarget "Lab1" */ = {
			isa = XCConfigurationList;
			buildConfigurations = (
				3B430CA025E4851400DB7919 /* Debug */,
				3B430CA125E4851400DB7919 /* Release */,
			);
			defaultConfigurationIsVisible = 0;
			defaultConfigurationName = Release;
		};
		3B430CAC25E4858500DB7919 /* Build configuration list for PBXNativeTarget "Lab2" */ = {
			isa = XCConfigurationList;
			buildConfigurations = (
				3B430CAD25E4858500DB7919 /* Debug */,
				3B430CAE25E4858500DB7919 /* Release */,
			);
			defaultConfigurationIsVisible = 0;
			defaultConfigurationName = Release;
		};
		3BACF4CF25E6F91100036E7B /* Build configuration list for PBXNativeTarget "Lab3" */ = {
			isa = XCConfigurationList;
			buildConfigurations = (
				3BACF4CD25E6F91100036E7B /* Debug */,
				3BACF4CE25E6F91100036E7B /* Release */,
			);
			defaultConfigurationIsVisible = 0;
			defaultConfigurationName = Release;
		};
		3BD7DEC925E84CDD00697395 /* Build configuration list for PBXNativeTarget "Lab4" */ = {
			isa = XCConfigurationList;
			buildConfigurations = (
				3BD7DEC725E84CDD00697395 /* Debug */,
				3BD7DEC825E84CDD00697395 /* Release */,
			);
			defaultConfigurationIsVisible = 0;
			defaultConfigurationName = Release;
		};
		3BD7DED625E85A4900697395 /* Build configuration list for PBXNativeTarget "Lab13" */ = {
			isa = XCConfigurationList;
			buildConfigurations = (
				3BD7DED725E85A4900697395 /* Debug */,
				3BD7DED825E85A4900697395 /* Release */,
			);
			defaultConfigurationIsVisible = 0;
			defaultConfigurationName = Release;
		};
		3BD7DF1725E99AEF00697395 /* Build configuration list for PBXNativeTarget "ProtocolDelegate" */ = {
			isa = XCConfigurationList;
			buildConfigurations = (
				3BD7DF1825E99AEF00697395 /* Debug */,
				3BD7DF1925E99AEF00697395 /* Release */,
			);
			defaultConfigurationIsVisible = 0;
			defaultConfigurationName = Release;
		};
		3BD7E01B25ECB81B00697395 /* Build configuration list for PBXNativeTarget "Lab6" */ = {
			isa = XCConfigurationList;
			buildConfigurations = (
				3BD7E01C25ECB81B00697395 /* Debug */,
				3BD7E01D25ECB81B00697395 /* Release */,
			);
			defaultConfigurationIsVisible = 0;
			defaultConfigurationName = Release;
		};
		3BD7E07B25EDACD900697395 /* Build configuration list for PBXNativeTarget "Lab8-PizzaRestaurant" */ = {
			isa = XCConfigurationList;
			buildConfigurations = (
				3BD7E07C25EDACD900697395 /* Debug */,
				3BD7E07D25EDACD900697395 /* Release */,
			);
			defaultConfigurationIsVisible = 0;
			defaultConfigurationName = Release;
		};
/* End XCConfigurationList section */
	};
	rootObject = 3B430C9025E4851400DB7919 /* Project object */;
}
