// !$*UTF8*$!
{
	archiveVersion = 1;
	classes = {
	};
	objectVersion = 50;
	objects = {

/* Begin PBXBuildFile section */
		3B4E157025FC0F46008BAFF0 /* Searching.swift in Sources */ = {isa = PBXBuildFile; fileRef = 3B4E156F25FC0F46008BAFF0 /* Searching.swift */; };
		3B4E157425FC114E008BAFF0 /* Sorting.swift in Sources */ = {isa = PBXBuildFile; fileRef = 3B4E157325FC114E008BAFF0 /* Sorting.swift */; };
		3B4E157725FC7338008BAFF0 /* QuickSort.swift in Sources */ = {isa = PBXBuildFile; fileRef = 3B4E157625FC7338008BAFF0 /* QuickSort.swift */; };
		3B60219C25F820C900DC019C /* main.swift in Sources */ = {isa = PBXBuildFile; fileRef = 3B60219B25F820C900DC019C /* main.swift */; };
		3B6021A525F8211600DC019C /* Recursion.swift in Sources */ = {isa = PBXBuildFile; fileRef = 3B6021A425F8211600DC019C /* Recursion.swift */; };
		3B6021AB25F836EE00DC019C /* RecursionAssignment1.swift in Sources */ = {isa = PBXBuildFile; fileRef = 3B6021AA25F836EE00DC019C /* RecursionAssignment1.swift */; };
		3B79D2F325F9765B00A5C50C /* ExhaustiveSearch.swift in Sources */ = {isa = PBXBuildFile; fileRef = 3B79D2F225F9765B00A5C50C /* ExhaustiveSearch.swift */; };
		3B79D2FB25F9819000A5C50C /* Leetcode01.swift in Sources */ = {isa = PBXBuildFile; fileRef = 3B79D2FA25F9819000A5C50C /* Leetcode01.swift */; };
		3B79D2FE25FAC6C300A5C50C /* BackTracking.swift in Sources */ = {isa = PBXBuildFile; fileRef = 3B79D2FD25FAC6C300A5C50C /* BackTracking.swift */; };
		3BE4AA0E261F883400186150 /* SushiIterative.swift in Sources */ = {isa = PBXBuildFile; fileRef = 3BE4AA0D261F883400186150 /* SushiIterative.swift */; };
		3BE4AA12261FC7A000186150 /* Assignment.swift in Sources */ = {isa = PBXBuildFile; fileRef = 3BE4AA11261FC7A000186150 /* Assignment.swift */; };
		3BE4AA172620F28400186150 /* MST.swift in Sources */ = {isa = PBXBuildFile; fileRef = 3BE4AA162620F28400186150 /* MST.swift */; };
		3BF4F5BF25FFF6F70088E399 /* Bag.swift in Sources */ = {isa = PBXBuildFile; fileRef = 3BF4F5BE25FFF6F70088E399 /* Bag.swift */; };
		3BF4F5C325FFF6FF0088E399 /* Stack.swift in Sources */ = {isa = PBXBuildFile; fileRef = 3BF4F5C225FFF6FF0088E399 /* Stack.swift */; };
		3BF4F5C625FFF7140088E399 /* Queue.swift in Sources */ = {isa = PBXBuildFile; fileRef = 3BF4F5C525FFF7140088E399 /* Queue.swift */; };
		3BF4F5CA260163F60088E399 /* TreeTraversal.swift in Sources */ = {isa = PBXBuildFile; fileRef = 3BF4F5C9260163F60088E399 /* TreeTraversal.swift */; };
		3BF4F5EB2603FDD90088E399 /* IndexPriorityQueue.swift in Sources */ = {isa = PBXBuildFile; fileRef = 3BF4F5EA2603FDD90088E399 /* IndexPriorityQueue.swift */; };
		3BF4F5EE260401DA0088E399 /* TreeQuize.swift in Sources */ = {isa = PBXBuildFile; fileRef = 3BF4F5ED260401DA0088E399 /* TreeQuize.swift */; };
		3BF4F5F9260588EB0088E399 /* SubstringPattern.swift in Sources */ = {isa = PBXBuildFile; fileRef = 3BF4F5F8260588EB0088E399 /* SubstringPattern.swift */; };
		3BF4F601260977F00088E399 /* LowestCommonAncestor.swift in Sources */ = {isa = PBXBuildFile; fileRef = 3BF4F600260977EF0088E399 /* LowestCommonAncestor.swift */; };
		3BF4F60E260A856D0088E399 /* AdjacencyMatrix.swift in Sources */ = {isa = PBXBuildFile; fileRef = 3BF4F60D260A856C0088E399 /* AdjacencyMatrix.swift */; };
		3BF4F611260A89F40088E399 /* AdjacencyList.swift in Sources */ = {isa = PBXBuildFile; fileRef = 3BF4F610260A89F40088E399 /* AdjacencyList.swift */; };
		3BF4F614260A91BE0088E399 /* DFS.swift in Sources */ = {isa = PBXBuildFile; fileRef = 3BF4F613260A91BE0088E399 /* DFS.swift */; };
		3BF4F617260A94F70088E399 /* BFS.swift in Sources */ = {isa = PBXBuildFile; fileRef = 3BF4F616260A94F70088E399 /* BFS.swift */; };
		3BF4F61A260A9DCC0088E399 /* bipartite.swift in Sources */ = {isa = PBXBuildFile; fileRef = 3BF4F619260A9DCC0088E399 /* bipartite.swift */; };
		3BF4F61D260ABBFF0088E399 /* UF.swift in Sources */ = {isa = PBXBuildFile; fileRef = 3BF4F61C260ABBFF0088E399 /* UF.swift */; };
		3BF4F621260B09FE0088E399 /* ConnectedComponents.swift in Sources */ = {isa = PBXBuildFile; fileRef = 3BF4F620260B09FE0088E399 /* ConnectedComponents.swift */; };
		3BF4F625260B12430088E399 /* CyclicPermutation.swift in Sources */ = {isa = PBXBuildFile; fileRef = 3BF4F624260B12430088E399 /* CyclicPermutation.swift */; };
		3BF4F62A260BD4F80088E399 /* SushiRestaurantReviews.swift in Sources */ = {isa = PBXBuildFile; fileRef = 3BF4F629260BD4F80088E399 /* SushiRestaurantReviews.swift */; };
		3BF4F62E260BE8A10088E399 /* Town.swift in Sources */ = {isa = PBXBuildFile; fileRef = 3BF4F62D260BE8A10088E399 /* Town.swift */; };
		3BF4F657261308160088E399 /* TomatoFarm.swift in Sources */ = {isa = PBXBuildFile; fileRef = 3BF4F656261308150088E399 /* TomatoFarm.swift */; };
		3BF4F6A2261909E60088E399 /* Bridges.swift in Sources */ = {isa = PBXBuildFile; fileRef = 3BF4F6A1261909E60088E399 /* Bridges.swift */; };
		3BF4F6A9261A79790088E399 /* SushiSolution.swift in Sources */ = {isa = PBXBuildFile; fileRef = 3BF4F6A8261A79780088E399 /* SushiSolution.swift */; };
		3BF4F6AE261D0D820088E399 /* TopologicalSort.swift in Sources */ = {isa = PBXBuildFile; fileRef = 3BF4F6AD261D0D820088E399 /* TopologicalSort.swift */; };
		3BF4F6B2261D2B830088E399 /* CourseSchedule.swift in Sources */ = {isa = PBXBuildFile; fileRef = 3BF4F6B1261D2B820088E399 /* CourseSchedule.swift */; };
/* End PBXBuildFile section */

/* Begin PBXCopyFilesBuildPhase section */
		3B60219625F820C900DC019C /* CopyFiles */ = {
			isa = PBXCopyFilesBuildPhase;
			buildActionMask = 2147483647;
			dstPath = /usr/share/man/man1/;
			dstSubfolderSpec = 0;
			files = (
			);
			runOnlyForDeploymentPostprocessing = 1;
		};
/* End PBXCopyFilesBuildPhase section */

/* Begin PBXFileReference section */
		3B4E156F25FC0F46008BAFF0 /* Searching.swift */ = {isa = PBXFileReference; lastKnownFileType = sourcecode.swift; path = Searching.swift; sourceTree = "<group>"; };
		3B4E157325FC114E008BAFF0 /* Sorting.swift */ = {isa = PBXFileReference; lastKnownFileType = sourcecode.swift; path = Sorting.swift; sourceTree = "<group>"; };
		3B4E157625FC7338008BAFF0 /* QuickSort.swift */ = {isa = PBXFileReference; lastKnownFileType = sourcecode.swift; path = QuickSort.swift; sourceTree = "<group>"; };
		3B60219825F820C900DC019C /* AlgorithmDataStructure */ = {isa = PBXFileReference; explicitFileType = "compiled.mach-o.executable"; includeInIndex = 0; path = AlgorithmDataStructure; sourceTree = BUILT_PRODUCTS_DIR; };
		3B60219B25F820C900DC019C /* main.swift */ = {isa = PBXFileReference; lastKnownFileType = sourcecode.swift; path = main.swift; sourceTree = "<group>"; };
		3B6021A425F8211600DC019C /* Recursion.swift */ = {isa = PBXFileReference; lastKnownFileType = sourcecode.swift; path = Recursion.swift; sourceTree = "<group>"; };
		3B6021A825F8301200DC019C /* provinces.txt */ = {isa = PBXFileReference; lastKnownFileType = text; path = provinces.txt; sourceTree = "<group>"; };
		3B6021AA25F836EE00DC019C /* RecursionAssignment1.swift */ = {isa = PBXFileReference; lastKnownFileType = sourcecode.swift; path = RecursionAssignment1.swift; sourceTree = "<group>"; };
		3B79D2F225F9765B00A5C50C /* ExhaustiveSearch.swift */ = {isa = PBXFileReference; lastKnownFileType = sourcecode.swift; path = ExhaustiveSearch.swift; sourceTree = "<group>"; };
		3B79D2FA25F9819000A5C50C /* Leetcode01.swift */ = {isa = PBXFileReference; lastKnownFileType = sourcecode.swift; path = Leetcode01.swift; sourceTree = "<group>"; };
		3B79D2FD25FAC6C300A5C50C /* BackTracking.swift */ = {isa = PBXFileReference; lastKnownFileType = sourcecode.swift; path = BackTracking.swift; sourceTree = "<group>"; };
		3BE4AA0D261F883400186150 /* SushiIterative.swift */ = {isa = PBXFileReference; fileEncoding = 4; lastKnownFileType = sourcecode.swift; path = SushiIterative.swift; sourceTree = "<group>"; };
		3BE4AA11261FC7A000186150 /* Assignment.swift */ = {isa = PBXFileReference; lastKnownFileType = sourcecode.swift; path = Assignment.swift; sourceTree = "<group>"; };
		3BE4AA162620F28400186150 /* MST.swift */ = {isa = PBXFileReference; lastKnownFileType = sourcecode.swift; path = MST.swift; sourceTree = "<group>"; };
		3BF4F5BE25FFF6F70088E399 /* Bag.swift */ = {isa = PBXFileReference; lastKnownFileType = sourcecode.swift; path = Bag.swift; sourceTree = "<group>"; };
		3BF4F5C225FFF6FF0088E399 /* Stack.swift */ = {isa = PBXFileReference; lastKnownFileType = sourcecode.swift; path = Stack.swift; sourceTree = "<group>"; };
		3BF4F5C525FFF7140088E399 /* Queue.swift */ = {isa = PBXFileReference; lastKnownFileType = sourcecode.swift; path = Queue.swift; sourceTree = "<group>"; };
		3BF4F5C9260163F60088E399 /* TreeTraversal.swift */ = {isa = PBXFileReference; lastKnownFileType = sourcecode.swift; path = TreeTraversal.swift; sourceTree = "<group>"; };
		3BF4F5EA2603FDD90088E399 /* IndexPriorityQueue.swift */ = {isa = PBXFileReference; lastKnownFileType = sourcecode.swift; path = IndexPriorityQueue.swift; sourceTree = "<group>"; };
		3BF4F5ED260401DA0088E399 /* TreeQuize.swift */ = {isa = PBXFileReference; lastKnownFileType = sourcecode.swift; path = TreeQuize.swift; sourceTree = "<group>"; };
		3BF4F5F8260588EB0088E399 /* SubstringPattern.swift */ = {isa = PBXFileReference; lastKnownFileType = sourcecode.swift; path = SubstringPattern.swift; sourceTree = "<group>"; };
		3BF4F600260977EF0088E399 /* LowestCommonAncestor.swift */ = {isa = PBXFileReference; lastKnownFileType = sourcecode.swift; path = LowestCommonAncestor.swift; sourceTree = "<group>"; };
		3BF4F60D260A856C0088E399 /* AdjacencyMatrix.swift */ = {isa = PBXFileReference; lastKnownFileType = sourcecode.swift; path = AdjacencyMatrix.swift; sourceTree = "<group>"; };
		3BF4F610260A89F40088E399 /* AdjacencyList.swift */ = {isa = PBXFileReference; lastKnownFileType = sourcecode.swift; path = AdjacencyList.swift; sourceTree = "<group>"; };
		3BF4F613260A91BE0088E399 /* DFS.swift */ = {isa = PBXFileReference; lastKnownFileType = sourcecode.swift; path = DFS.swift; sourceTree = "<group>"; };
		3BF4F616260A94F70088E399 /* BFS.swift */ = {isa = PBXFileReference; lastKnownFileType = sourcecode.swift; path = BFS.swift; sourceTree = "<group>"; };
		3BF4F619260A9DCC0088E399 /* bipartite.swift */ = {isa = PBXFileReference; lastKnownFileType = sourcecode.swift; path = bipartite.swift; sourceTree = "<group>"; };
		3BF4F61C260ABBFF0088E399 /* UF.swift */ = {isa = PBXFileReference; fileEncoding = 4; lastKnownFileType = sourcecode.swift; path = UF.swift; sourceTree = "<group>"; };
		3BF4F620260B09FE0088E399 /* ConnectedComponents.swift */ = {isa = PBXFileReference; lastKnownFileType = sourcecode.swift; name = ConnectedComponents.swift; path = AlgorithmDataStructure/ConnectedComponents.swift; sourceTree = SOURCE_ROOT; };
		3BF4F624260B12430088E399 /* CyclicPermutation.swift */ = {isa = PBXFileReference; lastKnownFileType = sourcecode.swift; path = CyclicPermutation.swift; sourceTree = "<group>"; };
		3BF4F629260BD4F80088E399 /* SushiRestaurantReviews.swift */ = {isa = PBXFileReference; lastKnownFileType = sourcecode.swift; path = SushiRestaurantReviews.swift; sourceTree = "<group>"; };
		3BF4F62D260BE8A10088E399 /* Town.swift */ = {isa = PBXFileReference; lastKnownFileType = sourcecode.swift; path = Town.swift; sourceTree = "<group>"; };
		3BF4F656261308150088E399 /* TomatoFarm.swift */ = {isa = PBXFileReference; lastKnownFileType = sourcecode.swift; path = TomatoFarm.swift; sourceTree = "<group>"; };
		3BF4F6A1261909E60088E399 /* Bridges.swift */ = {isa = PBXFileReference; lastKnownFileType = sourcecode.swift; path = Bridges.swift; sourceTree = "<group>"; };
		3BF4F6A8261A79780088E399 /* SushiSolution.swift */ = {isa = PBXFileReference; lastKnownFileType = sourcecode.swift; path = SushiSolution.swift; sourceTree = "<group>"; };
		3BF4F6AD261D0D820088E399 /* TopologicalSort.swift */ = {isa = PBXFileReference; lastKnownFileType = sourcecode.swift; path = TopologicalSort.swift; sourceTree = "<group>"; };
		3BF4F6B1261D2B820088E399 /* CourseSchedule.swift */ = {isa = PBXFileReference; lastKnownFileType = sourcecode.swift; path = CourseSchedule.swift; sourceTree = "<group>"; };
/* End PBXFileReference section */

/* Begin PBXFrameworksBuildPhase section */
		3B60219525F820C900DC019C /* Frameworks */ = {
			isa = PBXFrameworksBuildPhase;
			buildActionMask = 2147483647;
			files = (
			);
			runOnlyForDeploymentPostprocessing = 0;
		};
/* End PBXFrameworksBuildPhase section */

/* Begin PBXGroup section */
		3B4E156E25FC0F1D008BAFF0 /* SearchingSorting */ = {
			isa = PBXGroup;
			children = (
				3B4E156F25FC0F46008BAFF0 /* Searching.swift */,
				3B4E157325FC114E008BAFF0 /* Sorting.swift */,
				3B4E157625FC7338008BAFF0 /* QuickSort.swift */,
			);
			path = SearchingSorting;
			sourceTree = "<group>";
		};
		3B60218F25F820C900DC019C = {
			isa = PBXGroup;
			children = (
				3B60219A25F820C900DC019C /* AlgorithmDataStructure */,
				3B60219925F820C900DC019C /* Products */,
			);
			sourceTree = "<group>";
		};
		3B60219925F820C900DC019C /* Products */ = {
			isa = PBXGroup;
			children = (
				3B60219825F820C900DC019C /* AlgorithmDataStructure */,
			);
			name = Products;
			sourceTree = "<group>";
		};
		3B60219A25F820C900DC019C /* AlgorithmDataStructure */ = {
			isa = PBXGroup;
			children = (
				3BF4F5BD25FFF6E40088E399 /* DataStructure1 */,
				3BF4F60B260A851B0088E399 /* Graph */,
				3B79D2FA25F9819000A5C50C /* Leetcode01.swift */,
				3B60219B25F820C900DC019C /* main.swift */,
				3B6021A325F8210800DC019C /* Recursion */,
				3B4E156E25FC0F1D008BAFF0 /* SearchingSorting */,
				3BF4F5C8260163C10088E399 /* Tree */,
			);
			path = AlgorithmDataStructure;
			sourceTree = "<group>";
		};
		3B6021A325F8210800DC019C /* Recursion */ = {
			isa = PBXGroup;
			children = (
				3B6021A425F8211600DC019C /* Recursion.swift */,
				3B6021A825F8301200DC019C /* provinces.txt */,
				3B6021AA25F836EE00DC019C /* RecursionAssignment1.swift */,
				3B79D2F225F9765B00A5C50C /* ExhaustiveSearch.swift */,
				3B79D2FD25FAC6C300A5C50C /* BackTracking.swift */,
			);
			path = Recursion;
			sourceTree = "<group>";
		};
		3BE4AA10261FC78700186150 /* Greedy */ = {
			isa = PBXGroup;
			children = (
				3BE4AA11261FC7A000186150 /* Assignment.swift */,
				3BE4AA162620F28400186150 /* MST.swift */,
			);
			path = Greedy;
			sourceTree = "<group>";
		};
		3BF4F5BD25FFF6E40088E399 /* DataStructure1 */ = {
			isa = PBXGroup;
			children = (
				3BF4F5BE25FFF6F70088E399 /* Bag.swift */,
				3BF4F5C225FFF6FF0088E399 /* Stack.swift */,
				3BF4F5C525FFF7140088E399 /* Queue.swift */,
			);
			path = DataStructure1;
			sourceTree = "<group>";
		};
		3BF4F5C8260163C10088E399 /* Tree */ = {
			isa = PBXGroup;
			children = (
				3BF4F5EA2603FDD90088E399 /* IndexPriorityQueue.swift */,
				3BF4F600260977EF0088E399 /* LowestCommonAncestor.swift */,
				3BF4F5F8260588EB0088E399 /* SubstringPattern.swift */,
				3BF4F5ED260401DA0088E399 /* TreeQuize.swift */,
				3BF4F5C9260163F60088E399 /* TreeTraversal.swift */,
			);
			path = Tree;
			sourceTree = "<group>";
		};
		3BF4F60B260A851B0088E399 /* Graph */ = {
			isa = PBXGroup;
			children = (
				3BF4F6A1261909E60088E399 /* Bridges.swift */,
				3BF4F624260B12430088E399 /* CyclicPermutation.swift */,
				3BF4F60C260A85390088E399 /* Example */,
				3BF4F62C260BE8940088E399 /* FloodFill */,
				3BE4AA10261FC78700186150 /* Greedy */,
				3BE4AA0D261F883400186150 /* SushiIterative.swift */,
				3BF4F629260BD4F80088E399 /* SushiRestaurantReviews.swift */,
				3BF4F6A8261A79780088E399 /* SushiSolution.swift */,
				3BF4F656261308150088E399 /* TomatoFarm.swift */,
				3BF4F6AC261D0D680088E399 /* TopologicalSort */,
				3BF4F6B8261E84720088E399 /* UnionFind */,
			);
			path = Graph;
			sourceTree = "<group>";
		};
		3BF4F60C260A85390088E399 /* Example */ = {
			isa = PBXGroup;
			children = (
				3BF4F610260A89F40088E399 /* AdjacencyList.swift */,
				3BF4F60D260A856C0088E399 /* AdjacencyMatrix.swift */,
				3BF4F616260A94F70088E399 /* BFS.swift */,
				3BF4F619260A9DCC0088E399 /* bipartite.swift */,
				3BF4F620260B09FE0088E399 /* ConnectedComponents.swift */,
				3BF4F613260A91BE0088E399 /* DFS.swift */,
			);
			path = Example;
			sourceTree = "<group>";
		};
		3BF4F62C260BE8940088E399 /* FloodFill */ = {
			isa = PBXGroup;
			children = (
				3BF4F62D260BE8A10088E399 /* Town.swift */,
			);
			path = FloodFill;
			sourceTree = "<group>";
		};
		3BF4F6AC261D0D680088E399 /* TopologicalSort */ = {
			isa = PBXGroup;
			children = (
				3BF4F6AD261D0D820088E399 /* TopologicalSort.swift */,
				3BF4F6B1261D2B820088E399 /* CourseSchedule.swift */,
			);
			path = TopologicalSort;
			sourceTree = "<group>";
		};
		3BF4F6B8261E84720088E399 /* UnionFind */ = {
			isa = PBXGroup;
			children = (
				3BF4F61C260ABBFF0088E399 /* UF.swift */,
			);
			path = UnionFind;
			sourceTree = "<group>";
		};
/* End PBXGroup section */

/* Begin PBXNativeTarget section */
		3B60219725F820C900DC019C /* AlgorithmDataStructure */ = {
			isa = PBXNativeTarget;
			buildConfigurationList = 3B60219F25F820C900DC019C /* Build configuration list for PBXNativeTarget "AlgorithmDataStructure" */;
			buildPhases = (
				3B60219425F820C900DC019C /* Sources */,
				3B60219525F820C900DC019C /* Frameworks */,
				3B60219625F820C900DC019C /* CopyFiles */,
			);
			buildRules = (
			);
			dependencies = (
			);
			name = AlgorithmDataStructure;
			productName = AlgorithmDataStructure;
			productReference = 3B60219825F820C900DC019C /* AlgorithmDataStructure */;
			productType = "com.apple.product-type.tool";
		};
/* End PBXNativeTarget section */

/* Begin PBXProject section */
		3B60219025F820C900DC019C /* Project object */ = {
			isa = PBXProject;
			attributes = {
				LastSwiftUpdateCheck = 1230;
				LastUpgradeCheck = 1230;
				TargetAttributes = {
					3B60219725F820C900DC019C = {
						CreatedOnToolsVersion = 12.3;
					};
				};
			};
			buildConfigurationList = 3B60219325F820C900DC019C /* Build configuration list for PBXProject "AlgorithmDataStructure" */;
			compatibilityVersion = "Xcode 9.3";
			developmentRegion = en;
			hasScannedForEncodings = 0;
			knownRegions = (
				en,
				Base,
			);
			mainGroup = 3B60218F25F820C900DC019C;
			productRefGroup = 3B60219925F820C900DC019C /* Products */;
			projectDirPath = "";
			projectRoot = "";
			targets = (
				3B60219725F820C900DC019C /* AlgorithmDataStructure */,
			);
		};
/* End PBXProject section */

/* Begin PBXSourcesBuildPhase section */
		3B60219425F820C900DC019C /* Sources */ = {
			isa = PBXSourcesBuildPhase;
			buildActionMask = 2147483647;
			files = (
				3BE4AA12261FC7A000186150 /* Assignment.swift in Sources */,
				3BF4F5F9260588EB0088E399 /* SubstringPattern.swift in Sources */,
				3BF4F5BF25FFF6F70088E399 /* Bag.swift in Sources */,
				3BF4F5EE260401DA0088E399 /* TreeQuize.swift in Sources */,
				3B79D2FE25FAC6C300A5C50C /* BackTracking.swift in Sources */,
				3BF4F601260977F00088E399 /* LowestCommonAncestor.swift in Sources */,
				3BF4F621260B09FE0088E399 /* ConnectedComponents.swift in Sources */,
				3BF4F60E260A856D0088E399 /* AdjacencyMatrix.swift in Sources */,
				3BF4F62A260BD4F80088E399 /* SushiRestaurantReviews.swift in Sources */,
				3BF4F5EB2603FDD90088E399 /* IndexPriorityQueue.swift in Sources */,
				3BE4AA172620F28400186150 /* MST.swift in Sources */,
				3B6021A525F8211600DC019C /* Recursion.swift in Sources */,
				3BF4F61A260A9DCC0088E399 /* bipartite.swift in Sources */,
				3B79D2F325F9765B00A5C50C /* ExhaustiveSearch.swift in Sources */,
				3BF4F6AE261D0D820088E399 /* TopologicalSort.swift in Sources */,
				3BF4F6B2261D2B830088E399 /* CourseSchedule.swift in Sources */,
				3BF4F61D260ABBFF0088E399 /* UF.swift in Sources */,
				3BF4F614260A91BE0088E399 /* DFS.swift in Sources */,
				3B60219C25F820C900DC019C /* main.swift in Sources */,
				3BF4F5C325FFF6FF0088E399 /* Stack.swift in Sources */,
				3BF4F625260B12430088E399 /* CyclicPermutation.swift in Sources */,
				3B4E157725FC7338008BAFF0 /* QuickSort.swift in Sources */,
				3BF4F611260A89F40088E399 /* AdjacencyList.swift in Sources */,
				3BF4F5C625FFF7140088E399 /* Queue.swift in Sources */,
				3B4E157025FC0F46008BAFF0 /* Searching.swift in Sources */,
				3BF4F6A9261A79790088E399 /* SushiSolution.swift in Sources */,
				3BF4F657261308160088E399 /* TomatoFarm.swift in Sources */,
				3B6021AB25F836EE00DC019C /* RecursionAssignment1.swift in Sources */,
				3BF4F5CA260163F60088E399 /* TreeTraversal.swift in Sources */,
				3B4E157425FC114E008BAFF0 /* Sorting.swift in Sources */,
				3BF4F62E260BE8A10088E399 /* Town.swift in Sources */,
				3B79D2FB25F9819000A5C50C /* Leetcode01.swift in Sources */,
				3BE4AA0E261F883400186150 /* SushiIterative.swift in Sources */,
				3BF4F6A2261909E60088E399 /* Bridges.swift in Sources */,
				3BF4F617260A94F70088E399 /* BFS.swift in Sources */,
			);
			runOnlyForDeploymentPostprocessing = 0;
		};
/* End PBXSourcesBuildPhase section */

/* Begin XCBuildConfiguration section */
		3B60219D25F820C900DC019C /* Debug */ = {
			isa = XCBuildConfiguration;
			buildSettings = {
				ALWAYS_SEARCH_USER_PATHS = NO;
				CLANG_ANALYZER_NONNULL = YES;
				CLANG_ANALYZER_NUMBER_OBJECT_CONVERSION = YES_AGGRESSIVE;
				CLANG_CXX_LANGUAGE_STANDARD = "gnu++14";
				CLANG_CXX_LIBRARY = "libc++";
				CLANG_ENABLE_MODULES = YES;
				CLANG_ENABLE_OBJC_ARC = YES;
				CLANG_ENABLE_OBJC_WEAK = YES;
				CLANG_WARN_BLOCK_CAPTURE_AUTORELEASING = YES;
				CLANG_WARN_BOOL_CONVERSION = YES;
				CLANG_WARN_COMMA = YES;
				CLANG_WARN_CONSTANT_CONVERSION = YES;
				CLANG_WARN_DEPRECATED_OBJC_IMPLEMENTATIONS = YES;
				CLANG_WARN_DIRECT_OBJC_ISA_USAGE = YES_ERROR;
				CLANG_WARN_DOCUMENTATION_COMMENTS = YES;
				CLANG_WARN_EMPTY_BODY = YES;
				CLANG_WARN_ENUM_CONVERSION = YES;
				CLANG_WARN_INFINITE_RECURSION = YES;
				CLANG_WARN_INT_CONVERSION = YES;
				CLANG_WARN_NON_LITERAL_NULL_CONVERSION = YES;
				CLANG_WARN_OBJC_IMPLICIT_RETAIN_SELF = YES;
				CLANG_WARN_OBJC_LITERAL_CONVERSION = YES;
				CLANG_WARN_OBJC_ROOT_CLASS = YES_ERROR;
				CLANG_WARN_QUOTED_INCLUDE_IN_FRAMEWORK_HEADER = YES;
				CLANG_WARN_RANGE_LOOP_ANALYSIS = YES;
				CLANG_WARN_STRICT_PROTOTYPES = YES;
				CLANG_WARN_SUSPICIOUS_MOVE = YES;
				CLANG_WARN_UNGUARDED_AVAILABILITY = YES_AGGRESSIVE;
				CLANG_WARN_UNREACHABLE_CODE = YES;
				CLANG_WARN__DUPLICATE_METHOD_MATCH = YES;
				COPY_PHASE_STRIP = NO;
				DEBUG_INFORMATION_FORMAT = dwarf;
				ENABLE_STRICT_OBJC_MSGSEND = YES;
				ENABLE_TESTABILITY = YES;
				GCC_C_LANGUAGE_STANDARD = gnu11;
				GCC_DYNAMIC_NO_PIC = NO;
				GCC_NO_COMMON_BLOCKS = YES;
				GCC_OPTIMIZATION_LEVEL = 0;
				GCC_PREPROCESSOR_DEFINITIONS = (
					"DEBUG=1",
					"$(inherited)",
				);
				GCC_WARN_64_TO_32_BIT_CONVERSION = YES;
				GCC_WARN_ABOUT_RETURN_TYPE = YES_ERROR;
				GCC_WARN_UNDECLARED_SELECTOR = YES;
				GCC_WARN_UNINITIALIZED_AUTOS = YES_AGGRESSIVE;
				GCC_WARN_UNUSED_FUNCTION = YES;
				GCC_WARN_UNUSED_VARIABLE = YES;
				MACOSX_DEPLOYMENT_TARGET = 10.15;
				MTL_ENABLE_DEBUG_INFO = INCLUDE_SOURCE;
				MTL_FAST_MATH = YES;
				ONLY_ACTIVE_ARCH = YES;
				SDKROOT = macosx;
				SWIFT_ACTIVE_COMPILATION_CONDITIONS = DEBUG;
				SWIFT_OPTIMIZATION_LEVEL = "-Onone";
			};
			name = Debug;
		};
		3B60219E25F820C900DC019C /* Release */ = {
			isa = XCBuildConfiguration;
			buildSettings = {
				ALWAYS_SEARCH_USER_PATHS = NO;
				CLANG_ANALYZER_NONNULL = YES;
				CLANG_ANALYZER_NUMBER_OBJECT_CONVERSION = YES_AGGRESSIVE;
				CLANG_CXX_LANGUAGE_STANDARD = "gnu++14";
				CLANG_CXX_LIBRARY = "libc++";
				CLANG_ENABLE_MODULES = YES;
				CLANG_ENABLE_OBJC_ARC = YES;
				CLANG_ENABLE_OBJC_WEAK = YES;
				CLANG_WARN_BLOCK_CAPTURE_AUTORELEASING = YES;
				CLANG_WARN_BOOL_CONVERSION = YES;
				CLANG_WARN_COMMA = YES;
				CLANG_WARN_CONSTANT_CONVERSION = YES;
				CLANG_WARN_DEPRECATED_OBJC_IMPLEMENTATIONS = YES;
				CLANG_WARN_DIRECT_OBJC_ISA_USAGE = YES_ERROR;
				CLANG_WARN_DOCUMENTATION_COMMENTS = YES;
				CLANG_WARN_EMPTY_BODY = YES;
				CLANG_WARN_ENUM_CONVERSION = YES;
				CLANG_WARN_INFINITE_RECURSION = YES;
				CLANG_WARN_INT_CONVERSION = YES;
				CLANG_WARN_NON_LITERAL_NULL_CONVERSION = YES;
				CLANG_WARN_OBJC_IMPLICIT_RETAIN_SELF = YES;
				CLANG_WARN_OBJC_LITERAL_CONVERSION = YES;
				CLANG_WARN_OBJC_ROOT_CLASS = YES_ERROR;
				CLANG_WARN_QUOTED_INCLUDE_IN_FRAMEWORK_HEADER = YES;
				CLANG_WARN_RANGE_LOOP_ANALYSIS = YES;
				CLANG_WARN_STRICT_PROTOTYPES = YES;
				CLANG_WARN_SUSPICIOUS_MOVE = YES;
				CLANG_WARN_UNGUARDED_AVAILABILITY = YES_AGGRESSIVE;
				CLANG_WARN_UNREACHABLE_CODE = YES;
				CLANG_WARN__DUPLICATE_METHOD_MATCH = YES;
				COPY_PHASE_STRIP = NO;
				DEBUG_INFORMATION_FORMAT = "dwarf-with-dsym";
				ENABLE_NS_ASSERTIONS = NO;
				ENABLE_STRICT_OBJC_MSGSEND = YES;
				GCC_C_LANGUAGE_STANDARD = gnu11;
				GCC_NO_COMMON_BLOCKS = YES;
				GCC_WARN_64_TO_32_BIT_CONVERSION = YES;
				GCC_WARN_ABOUT_RETURN_TYPE = YES_ERROR;
				GCC_WARN_UNDECLARED_SELECTOR = YES;
				GCC_WARN_UNINITIALIZED_AUTOS = YES_AGGRESSIVE;
				GCC_WARN_UNUSED_FUNCTION = YES;
				GCC_WARN_UNUSED_VARIABLE = YES;
				MACOSX_DEPLOYMENT_TARGET = 10.15;
				MTL_ENABLE_DEBUG_INFO = NO;
				MTL_FAST_MATH = YES;
				SDKROOT = macosx;
				SWIFT_COMPILATION_MODE = wholemodule;
				SWIFT_OPTIMIZATION_LEVEL = "-O";
			};
			name = Release;
		};
		3B6021A025F820C900DC019C /* Debug */ = {
			isa = XCBuildConfiguration;
			buildSettings = {
				CODE_SIGN_STYLE = Automatic;
				DEVELOPMENT_TEAM = 26YLUYGRBT;
				ENABLE_HARDENED_RUNTIME = YES;
				PRODUCT_NAME = "$(TARGET_NAME)";
				SWIFT_VERSION = 5.0;
			};
			name = Debug;
		};
		3B6021A125F820C900DC019C /* Release */ = {
			isa = XCBuildConfiguration;
			buildSettings = {
				CODE_SIGN_STYLE = Automatic;
				DEVELOPMENT_TEAM = 26YLUYGRBT;
				ENABLE_HARDENED_RUNTIME = YES;
				PRODUCT_NAME = "$(TARGET_NAME)";
				SWIFT_VERSION = 5.0;
			};
			name = Release;
		};
/* End XCBuildConfiguration section */

/* Begin XCConfigurationList section */
		3B60219325F820C900DC019C /* Build configuration list for PBXProject "AlgorithmDataStructure" */ = {
			isa = XCConfigurationList;
			buildConfigurations = (
				3B60219D25F820C900DC019C /* Debug */,
				3B60219E25F820C900DC019C /* Release */,
			);
			defaultConfigurationIsVisible = 0;
			defaultConfigurationName = Release;
		};
		3B60219F25F820C900DC019C /* Build configuration list for PBXNativeTarget "AlgorithmDataStructure" */ = {
			isa = XCConfigurationList;
			buildConfigurations = (
				3B6021A025F820C900DC019C /* Debug */,
				3B6021A125F820C900DC019C /* Release */,
			);
			defaultConfigurationIsVisible = 0;
			defaultConfigurationName = Release;
		};
/* End XCConfigurationList section */
	};
	rootObject = 3B60219025F820C900DC019C /* Project object */;
}
